
Microsoft Visual Studio Solution File, Format Version 12.00
Project("{FAE04EC0-301F-11D3-BF4B-00C04F79EFBC}") = "LiveCalculator", "LiveCalculator\LiveCalculator.csproj", "{BC5DDF6B-5606-44A1-B5BC-4A7A016781AF}"
EndProject
Global
	GlobalSection(SolutionConfigurationPlatforms) = preSolution
		Debug|Any CPU = Debug|Any CPU
		Release|Any CPU = Release|Any CPU
	EndGlobalSection
	GlobalSection(ProjectConfigurationPlatforms) = postSolution
		{BC5DDF6B-5606-44A1-B5BC-4A7A016781AF}.Debug|Any CPU.ActiveCfg = Debug|Any CPU
		{BC5DDF6B-5606-44A1-B5BC-4A7A016781AF}.Debug|Any CPU.Build.0 = Debug|Any CPU
		{BC5DDF6B-5606-44A1-B5BC-4A7A016781AF}.Release|Any CPU.ActiveCfg = Release|Any CPU
		{BC5DDF6B-5606-44A1-B5BC-4A7A016781AF}.Release|Any CPU.Build.0 = Release|Any CPU
	EndGlobalSection
EndGlobal
